// !$*UTF8*$!
{
	archiveVersion = 1;
	classes = {
	};
	objectVersion = 56;
	objects = {

/* Begin PBXBuildFile section */
		420A830D2B53365700BFF3E6 /* Relax_SoundsApp.swift in Sources */ = {isa = PBXBuildFile; fileRef = 420A830C2B53365700BFF3E6 /* Relax_SoundsApp.swift */; };
		420A830F2B53365700BFF3E6 /* ContentView.swift in Sources */ = {isa = PBXBuildFile; fileRef = 420A830E2B53365700BFF3E6 /* ContentView.swift */; };
		420A83112B53365800BFF3E6 /* Assets.xcassets in Resources */ = {isa = PBXBuildFile; fileRef = 420A83102B53365800BFF3E6 /* Assets.xcassets */; };
		420A83142B53365800BFF3E6 /* Preview Assets.xcassets in Resources */ = {isa = PBXBuildFile; fileRef = 420A83132B53365800BFF3E6 /* Preview Assets.xcassets */; };
		425203532B5555BC00D981B5 /* PackDetailView.swift in Sources */ = {isa = PBXBuildFile; fileRef = 425203522B5555BC00D981B5 /* PackDetailView.swift */; };
		428F3A732B53529D00A81838 /* InitialStepsView.swift in Sources */ = {isa = PBXBuildFile; fileRef = 428F3A722B53529D00A81838 /* InitialStepsView.swift */; };
		428F3A782B53F4B900A81838 /* Launch Screen.storyboard in Resources */ = {isa = PBXBuildFile; fileRef = 428F3A772B53F4B900A81838 /* Launch Screen.storyboard */; };
		428F3A7A2B53F7B200A81838 /* SleepView.swift in Sources */ = {isa = PBXBuildFile; fileRef = 428F3A792B53F7B200A81838 /* SleepView.swift */; };
		428F3A7E2B54208500A81838 /* ComposerView.swift in Sources */ = {isa = PBXBuildFile; fileRef = 428F3A7D2B54208500A81838 /* ComposerView.swift */; };
		428F3A802B5420BA00A81838 /* DiscoverView.swift in Sources */ = {isa = PBXBuildFile; fileRef = 428F3A7F2B5420BA00A81838 /* DiscoverView.swift */; };
		428F3A832B54259300A81838 /* PlaylistModel.swift in Sources */ = {isa = PBXBuildFile; fileRef = 428F3A822B54259300A81838 /* PlaylistModel.swift */; };
		428F3A882B54348C00A81838 /* PlaylistCardView.swift in Sources */ = {isa = PBXBuildFile; fileRef = 428F3A872B54348C00A81838 /* PlaylistCardView.swift */; };
		428F3A8A2B54B43900A81838 /* FilterToggleModel.swift in Sources */ = {isa = PBXBuildFile; fileRef = 428F3A892B54B43900A81838 /* FilterToggleModel.swift */; };
/* End PBXBuildFile section */

/* Begin PBXFileReference section */
		420A83092B53365700BFF3E6 /* Relax Sounds.app */ = {isa = PBXFileReference; explicitFileType = wrapper.application; includeInIndex = 0; path = "Relax Sounds.app"; sourceTree = BUILT_PRODUCTS_DIR; };
		420A830C2B53365700BFF3E6 /* Relax_SoundsApp.swift */ = {isa = PBXFileReference; lastKnownFileType = sourcecode.swift; path = Relax_SoundsApp.swift; sourceTree = "<group>"; };
		420A830E2B53365700BFF3E6 /* ContentView.swift */ = {isa = PBXFileReference; lastKnownFileType = sourcecode.swift; path = ContentView.swift; sourceTree = "<group>"; };
		420A83102B53365800BFF3E6 /* Assets.xcassets */ = {isa = PBXFileReference; lastKnownFileType = folder.assetcatalog; path = Assets.xcassets; sourceTree = "<group>"; };
		420A83132B53365800BFF3E6 /* Preview Assets.xcassets */ = {isa = PBXFileReference; lastKnownFileType = folder.assetcatalog; path = "Preview Assets.xcassets"; sourceTree = "<group>"; };
		425203522B5555BC00D981B5 /* PackDetailView.swift */ = {isa = PBXFileReference; lastKnownFileType = sourcecode.swift; path = PackDetailView.swift; sourceTree = "<group>"; };
		428F3A722B53529D00A81838 /* InitialStepsView.swift */ = {isa = PBXFileReference; lastKnownFileType = sourcecode.swift; path = InitialStepsView.swift; sourceTree = "<group>"; };
		428F3A772B53F4B900A81838 /* Launch Screen.storyboard */ = {isa = PBXFileReference; lastKnownFileType = file.storyboard; path = "Launch Screen.storyboard"; sourceTree = "<group>"; };
		428F3A792B53F7B200A81838 /* SleepView.swift */ = {isa = PBXFileReference; lastKnownFileType = sourcecode.swift; path = SleepView.swift; sourceTree = "<group>"; };
		428F3A7D2B54208500A81838 /* ComposerView.swift */ = {isa = PBXFileReference; lastKnownFileType = sourcecode.swift; path = ComposerView.swift; sourceTree = "<group>"; };
		428F3A7F2B5420BA00A81838 /* DiscoverView.swift */ = {isa = PBXFileReference; lastKnownFileType = sourcecode.swift; path = DiscoverView.swift; sourceTree = "<group>"; };
		428F3A822B54259300A81838 /* PlaylistModel.swift */ = {isa = PBXFileReference; lastKnownFileType = sourcecode.swift; path = PlaylistModel.swift; sourceTree = "<group>"; };
		428F3A872B54348C00A81838 /* PlaylistCardView.swift */ = {isa = PBXFileReference; lastKnownFileType = sourcecode.swift; path = PlaylistCardView.swift; sourceTree = "<group>"; };
		428F3A892B54B43900A81838 /* FilterToggleModel.swift */ = {isa = PBXFileReference; lastKnownFileType = sourcecode.swift; path = FilterToggleModel.swift; sourceTree = "<group>"; };
/* End PBXFileReference section */

/* Begin PBXFrameworksBuildPhase section */
		420A83062B53365700BFF3E6 /* Frameworks */ = {
			isa = PBXFrameworksBuildPhase;
			buildActionMask = 2147483647;
			files = (
			);
			runOnlyForDeploymentPostprocessing = 0;
		};
/* End PBXFrameworksBuildPhase section */

/* Begin PBXGroup section */
		420A83002B53365600BFF3E6 = {
			isa = PBXGroup;
			children = (
				420A830B2B53365700BFF3E6 /* Relax Sounds */,
				420A830A2B53365700BFF3E6 /* Products */,
			);
			sourceTree = "<group>";
		};
		420A830A2B53365700BFF3E6 /* Products */ = {
			isa = PBXGroup;
			children = (
				420A83092B53365700BFF3E6 /* Relax Sounds.app */,
			);
			name = Products;
			sourceTree = "<group>";
		};
		420A830B2B53365700BFF3E6 /* Relax Sounds */ = {
			isa = PBXGroup;
			children = (
				428F3A842B54310800A81838 /* ViewModels */,
				428F3A812B54257500A81838 /* Models */,
				428F3A6E2B533C0700A81838 /* Views */,
				420A830C2B53365700BFF3E6 /* Relax_SoundsApp.swift */,
				420A830E2B53365700BFF3E6 /* ContentView.swift */,
				420A83102B53365800BFF3E6 /* Assets.xcassets */,
				420A83122B53365800BFF3E6 /* Preview Content */,
			);
			path = "Relax Sounds";
			sourceTree = "<group>";
		};
		420A83122B53365800BFF3E6 /* Preview Content */ = {
			isa = PBXGroup;
			children = (
				420A83132B53365800BFF3E6 /* Preview Assets.xcassets */,
			);
			path = "Preview Content";
			sourceTree = "<group>";
		};
		425203512B55555500D981B5 /* Pack Detail */ = {
			isa = PBXGroup;
			children = (
				425203522B5555BC00D981B5 /* PackDetailView.swift */,
			);
			path = "Pack Detail";
			sourceTree = "<group>";
		};
		428F3A6E2B533C0700A81838 /* Views */ = {
			isa = PBXGroup;
			children = (
				425203512B55555500D981B5 /* Pack Detail */,
				428F3A7B2B53F7BE00A81838 /* Start Screens */,
				428F3A7C2B53F7CE00A81838 /* Sleep */,
			);
			path = Views;
			sourceTree = "<group>";
		};
		428F3A7B2B53F7BE00A81838 /* Start Screens */ = {
			isa = PBXGroup;
			children = (
				428F3A772B53F4B900A81838 /* Launch Screen.storyboard */,
				428F3A722B53529D00A81838 /* InitialStepsView.swift */,
			);
			path = "Start Screens";
			sourceTree = "<group>";
		};
		428F3A7C2B53F7CE00A81838 /* Sleep */ = {
			isa = PBXGroup;
			children = (
				428F3A792B53F7B200A81838 /* SleepView.swift */,
				428F3A7D2B54208500A81838 /* ComposerView.swift */,
				428F3A7F2B5420BA00A81838 /* DiscoverView.swift */,
				428F3A872B54348C00A81838 /* PlaylistCardView.swift */,
			);
			path = Sleep;
			sourceTree = "<group>";
		};
		428F3A812B54257500A81838 /* Models */ = {
			isa = PBXGroup;
			children = (
				428F3A822B54259300A81838 /* PlaylistModel.swift */,
				428F3A892B54B43900A81838 /* FilterToggleModel.swift */,
			);
			path = Models;
			sourceTree = "<group>";
		};
		428F3A842B54310800A81838 /* ViewModels */ = {
			isa = PBXGroup;
			children = (
			);
			path = ViewModels;
			sourceTree = "<group>";
		};
/* End PBXGroup section */

/* Begin PBXNativeTarget section */
		420A83082B53365700BFF3E6 /* Relax Sounds */ = {
			isa = PBXNativeTarget;
			buildConfigurationList = 420A83172B53365800BFF3E6 /* Build configuration list for PBXNativeTarget "Relax Sounds" */;
			buildPhases = (
				420A83052B53365700BFF3E6 /* Sources */,
				420A83062B53365700BFF3E6 /* Frameworks */,
				420A83072B53365700BFF3E6 /* Resources */,
			);
			buildRules = (
			);
			dependencies = (
			);
			name = "Relax Sounds";
			productName = "Relax Sounds";
			productReference = 420A83092B53365700BFF3E6 /* Relax Sounds.app */;
			productType = "com.apple.product-type.application";
		};
/* End PBXNativeTarget section */

/* Begin PBXProject section */
		420A83012B53365600BFF3E6 /* Project object */ = {
			isa = PBXProject;
			attributes = {
				BuildIndependentTargetsInParallel = 1;
				LastSwiftUpdateCheck = 1520;
				LastUpgradeCheck = 1520;
				TargetAttributes = {
					420A83082B53365700BFF3E6 = {
						CreatedOnToolsVersion = 15.2;
					};
				};
			};
			buildConfigurationList = 420A83042B53365600BFF3E6 /* Build configuration list for PBXProject "Relax Sounds" */;
			compatibilityVersion = "Xcode 14.0";
			developmentRegion = en;
			hasScannedForEncodings = 0;
			knownRegions = (
				en,
				Base,
			);
			mainGroup = 420A83002B53365600BFF3E6;
			productRefGroup = 420A830A2B53365700BFF3E6 /* Products */;
			projectDirPath = "";
			projectRoot = "";
			targets = (
				420A83082B53365700BFF3E6 /* Relax Sounds */,
			);
		};
/* End PBXProject section */

/* Begin PBXResourcesBuildPhase section */
		420A83072B53365700BFF3E6 /* Resources */ = {
			isa = PBXResourcesBuildPhase;
			buildActionMask = 2147483647;
			files = (
				428F3A782B53F4B900A81838 /* Launch Screen.storyboard in Resources */,
				420A83142B53365800BFF3E6 /* Preview Assets.xcassets in Resources */,
				420A83112B53365800BFF3E6 /* Assets.xcassets in Resources */,
			);
			runOnlyForDeploymentPostprocessing = 0;
		};
/* End PBXResourcesBuildPhase section */

/* Begin PBXSourcesBuildPhase section */
		420A83052B53365700BFF3E6 /* Sources */ = {
			isa = PBXSourcesBuildPhase;
			buildActionMask = 2147483647;
			files = (
				428F3A882B54348C00A81838 /* PlaylistCardView.swift in Sources */,
				428F3A7E2B54208500A81838 /* ComposerView.swift in Sources */,
				428F3A732B53529D00A81838 /* InitialStepsView.swift in Sources */,
				428F3A8A2B54B43900A81838 /* FilterToggleModel.swift in Sources */,
				420A830F2B53365700BFF3E6 /* ContentView.swift in Sources */,
				428F3A7A2B53F7B200A81838 /* SleepView.swift in Sources */,
				420A830D2B53365700BFF3E6 /* Relax_SoundsApp.swift in Sources */,
				428F3A832B54259300A81838 /* PlaylistModel.swift in Sources */,
				425203532B5555BC00D981B5 /* PackDetailView.swift in Sources */,
				428F3A802B5420BA00A81838 /* DiscoverView.swift in Sources */,
			);
			runOnlyForDeploymentPostprocessing = 0;
		};
/* End PBXSourcesBuildPhase section */

/* Begin XCBuildConfiguration section */
		420A83152B53365800BFF3E6 /* Debug */ = {
			isa = XCBuildConfiguration;
			buildSettings = {
				ALWAYS_SEARCH_USER_PATHS = NO;
				ASSETCATALOG_COMPILER_GENERATE_SWIFT_ASSET_SYMBOL_EXTENSIONS = YES;
				CLANG_ANALYZER_NONNULL = YES;
				CLANG_ANALYZER_NUMBER_OBJECT_CONVERSION = YES_AGGRESSIVE;
				CLANG_CXX_LANGUAGE_STANDARD = "gnu++20";
				CLANG_ENABLE_MODULES = YES;
				CLANG_ENABLE_OBJC_ARC = YES;
				CLANG_ENABLE_OBJC_WEAK = YES;
				CLANG_WARN_BLOCK_CAPTURE_AUTORELEASING = YES;
				CLANG_WARN_BOOL_CONVERSION = YES;
				CLANG_WARN_COMMA = YES;
				CLANG_WARN_CONSTANT_CONVERSION = YES;
				CLANG_WARN_DEPRECATED_OBJC_IMPLEMENTATIONS = YES;
				CLANG_WARN_DIRECT_OBJC_ISA_USAGE = YES_ERROR;
				CLANG_WARN_DOCUMENTATION_COMMENTS = YES;
				CLANG_WARN_EMPTY_BODY = YES;
				CLANG_WARN_ENUM_CONVERSION = YES;
				CLANG_WARN_INFINITE_RECURSION = YES;
				CLANG_WARN_INT_CONVERSION = YES;
				CLANG_WARN_NON_LITERAL_NULL_CONVERSION = YES;
				CLANG_WARN_OBJC_IMPLICIT_RETAIN_SELF = YES;
				CLANG_WARN_OBJC_LITERAL_CONVERSION = YES;
				CLANG_WARN_OBJC_ROOT_CLASS = YES_ERROR;
				CLANG_WARN_QUOTED_INCLUDE_IN_FRAMEWORK_HEADER = YES;
				CLANG_WARN_RANGE_LOOP_ANALYSIS = YES;
				CLANG_WARN_STRICT_PROTOTYPES = YES;
				CLANG_WARN_SUSPICIOUS_MOVE = YES;
				CLANG_WARN_UNGUARDED_AVAILABILITY = YES_AGGRESSIVE;
				CLANG_WARN_UNREACHABLE_CODE = YES;
				CLANG_WARN__DUPLICATE_METHOD_MATCH = YES;
				COPY_PHASE_STRIP = NO;
				DEBUG_INFORMATION_FORMAT = dwarf;
				ENABLE_STRICT_OBJC_MSGSEND = YES;
				ENABLE_TESTABILITY = YES;
				ENABLE_USER_SCRIPT_SANDBOXING = YES;
				GCC_C_LANGUAGE_STANDARD = gnu17;
				GCC_DYNAMIC_NO_PIC = NO;
				GCC_NO_COMMON_BLOCKS = YES;
				GCC_OPTIMIZATION_LEVEL = 0;
				GCC_PREPROCESSOR_DEFINITIONS = (
					"DEBUG=1",
					"$(inherited)",
				);
				GCC_WARN_64_TO_32_BIT_CONVERSION = YES;
				GCC_WARN_ABOUT_RETURN_TYPE = YES_ERROR;
				GCC_WARN_UNDECLARED_SELECTOR = YES;
				GCC_WARN_UNINITIALIZED_AUTOS = YES_AGGRESSIVE;
				GCC_WARN_UNUSED_FUNCTION = YES;
				GCC_WARN_UNUSED_VARIABLE = YES;
				IPHONEOS_DEPLOYMENT_TARGET = 17.0;
				LOCALIZATION_PREFERS_STRING_CATALOGS = YES;
				MTL_ENABLE_DEBUG_INFO = INCLUDE_SOURCE;
				MTL_FAST_MATH = YES;
				ONLY_ACTIVE_ARCH = YES;
				SDKROOT = iphoneos;
				SWIFT_ACTIVE_COMPILATION_CONDITIONS = "DEBUG $(inherited)";
				SWIFT_OPTIMIZATION_LEVEL = "-Onone";
			};
			name = Debug;
		};
		420A83162B53365800BFF3E6 /* Release */ = {
			isa = XCBuildConfiguration;
			buildSettings = {
				ALWAYS_SEARCH_USER_PATHS = NO;
				ASSETCATALOG_COMPILER_GENERATE_SWIFT_ASSET_SYMBOL_EXTENSIONS = YES;
				CLANG_ANALYZER_NONNULL = YES;
				CLANG_ANALYZER_NUMBER_OBJECT_CONVERSION = YES_AGGRESSIVE;
				CLANG_CXX_LANGUAGE_STANDARD = "gnu++20";
				CLANG_ENABLE_MODULES = YES;
				CLANG_ENABLE_OBJC_ARC = YES;
				CLANG_ENABLE_OBJC_WEAK = YES;
				CLANG_WARN_BLOCK_CAPTURE_AUTORELEASING = YES;
				CLANG_WARN_BOOL_CONVERSION = YES;
				CLANG_WARN_COMMA = YES;
				CLANG_WARN_CONSTANT_CONVERSION = YES;
				CLANG_WARN_DEPRECATED_OBJC_IMPLEMENTATIONS = YES;
				CLANG_WARN_DIRECT_OBJC_ISA_USAGE = YES_ERROR;
				CLANG_WARN_DOCUMENTATION_COMMENTS = YES;
				CLANG_WARN_EMPTY_BODY = YES;
				CLANG_WARN_ENUM_CONVERSION = YES;
				CLANG_WARN_INFINITE_RECURSION = YES;
				CLANG_WARN_INT_CONVERSION = YES;
				CLANG_WARN_NON_LITERAL_NULL_CONVERSION = YES;
				CLANG_WARN_OBJC_IMPLICIT_RETAIN_SELF = YES;
				CLANG_WARN_OBJC_LITERAL_CONVERSION = YES;
				CLANG_WARN_OBJC_ROOT_CLASS = YES_ERROR;
				CLANG_WARN_QUOTED_INCLUDE_IN_FRAMEWORK_HEADER = YES;
				CLANG_WARN_RANGE_LOOP_ANALYSIS = YES;
				CLANG_WARN_STRICT_PROTOTYPES = YES;
				CLANG_WARN_SUSPICIOUS_MOVE = YES;
				CLANG_WARN_UNGUARDED_AVAILABILITY = YES_AGGRESSIVE;
				CLANG_WARN_UNREACHABLE_CODE = YES;
				CLANG_WARN__DUPLICATE_METHOD_MATCH = YES;
				COPY_PHASE_STRIP = NO;
				DEBUG_INFORMATION_FORMAT = "dwarf-with-dsym";
				ENABLE_NS_ASSERTIONS = NO;
				ENABLE_STRICT_OBJC_MSGSEND = YES;
				ENABLE_USER_SCRIPT_SANDBOXING = YES;
				GCC_C_LANGUAGE_STANDARD = gnu17;
				GCC_NO_COMMON_BLOCKS = YES;
				GCC_WARN_64_TO_32_BIT_CONVERSION = YES;
				GCC_WARN_ABOUT_RETURN_TYPE = YES_ERROR;
				GCC_WARN_UNDECLARED_SELECTOR = YES;
				GCC_WARN_UNINITIALIZED_AUTOS = YES_AGGRESSIVE;
				GCC_WARN_UNUSED_FUNCTION = YES;
				GCC_WARN_UNUSED_VARIABLE = YES;
				IPHONEOS_DEPLOYMENT_TARGET = 17.0;
				LOCALIZATION_PREFERS_STRING_CATALOGS = YES;
				MTL_ENABLE_DEBUG_INFO = NO;
				MTL_FAST_MATH = YES;
				SDKROOT = iphoneos;
				SWIFT_COMPILATION_MODE = wholemodule;
				VALIDATE_PRODUCT = YES;
			};
			name = Release;
		};
		420A83182B53365800BFF3E6 /* Debug */ = {
			isa = XCBuildConfiguration;
			buildSettings = {
				ASSETCATALOG_COMPILER_APPICON_NAME = AppIcon;
				ASSETCATALOG_COMPILER_GLOBAL_ACCENT_COLOR_NAME = AccentColor;
				CODE_SIGN_STYLE = Automatic;
				CURRENT_PROJECT_VERSION = 1;
				DEVELOPMENT_ASSET_PATHS = "Relax\\ Sounds/Preview\\ Content";
				DEVELOPMENT_TEAM = 7833GGFHR3;
				ENABLE_PREVIEWS = YES;
				GENERATE_INFOPLIST_FILE = YES;
				INFOPLIST_FILE = "Relax-Sounds-Info.plist";
				INFOPLIST_KEY_LSApplicationCategoryType = "public.app-category.healthcare-fitness";
				INFOPLIST_KEY_UIApplicationSceneManifest_Generation = YES;
				INFOPLIST_KEY_UIApplicationSupportsIndirectInputEvents = YES;
				INFOPLIST_KEY_UILaunchStoryboardName = "Launch Screen.storyboard";
				INFOPLIST_KEY_UISupportedInterfaceOrientations_iPad = "UIInterfaceOrientationPortrait UIInterfaceOrientationPortraitUpsideDown UIInterfaceOrientationLandscapeLeft UIInterfaceOrientationLandscapeRight";
				INFOPLIST_KEY_UISupportedInterfaceOrientations_iPhone = "UIInterfaceOrientationPortrait UIInterfaceOrientationLandscapeLeft UIInterfaceOrientationLandscapeRight";
				IPHONEOS_DEPLOYMENT_TARGET = 17.0;
				LD_RUNPATH_SEARCH_PATHS = (
					"$(inherited)",
					"@executable_path/Frameworks",
				);
				MARKETING_VERSION = 1.0;
				PRODUCT_BUNDLE_IDENTIFIER = "com.christinne.Relax-Sounds";
				PRODUCT_NAME = "$(TARGET_NAME)";
				SUPPORTED_PLATFORMS = "iphoneos iphonesimulator";
				SUPPORTS_MACCATALYST = NO;
				SUPPORTS_XR_DESIGNED_FOR_IPHONE_IPAD = NO;
				SWIFT_EMIT_LOC_STRINGS = YES;
				SWIFT_VERSION = 5.0;
				TARGETED_DEVICE_FAMILY = "1,2";
			};
			name = Debug;
		};
		420A83192B53365800BFF3E6 /* Release */ = {
			isa = XCBuildConfiguration;
			buildSettings = {
				ASSETCATALOG_COMPILER_APPICON_NAME = AppIcon;
				ASSETCATALOG_COMPILER_GLOBAL_ACCENT_COLOR_NAME = AccentColor;
				CODE_SIGN_STYLE = Automatic;
				CURRENT_PROJECT_VERSION = 1;
				DEVELOPMENT_ASSET_PATHS = "Relax\\ Sounds/Preview\\ Content";
				DEVELOPMENT_TEAM = 7833GGFHR3;
				ENABLE_PREVIEWS = YES;
				GENERATE_INFOPLIST_FILE = YES;
				INFOPLIST_FILE = "Relax-Sounds-Info.plist";
				INFOPLIST_KEY_LSApplicationCategoryType = "public.app-category.healthcare-fitness";
				INFOPLIST_KEY_UIApplicationSceneManifest_Generation = YES;
				INFOPLIST_KEY_UIApplicationSupportsIndirectInputEvents = YES;
				INFOPLIST_KEY_UILaunchStoryboardName = "Launch Screen.storyboard";
				INFOPLIST_KEY_UISupportedInterfaceOrientations_iPad = "UIInterfaceOrientationPortrait UIInterfaceOrientationPortraitUpsideDown UIInterfaceOrientationLandscapeLeft UIInterfaceOrientationLandscapeRight";
				INFOPLIST_KEY_UISupportedInterfaceOrientations_iPhone = "UIInterfaceOrientationPortrait UIInterfaceOrientationLandscapeLeft UIInterfaceOrientationLandscapeRight";
				IPHONEOS_DEPLOYMENT_TARGET = 17.0;
				LD_RUNPATH_SEARCH_PATHS = (
					"$(inherited)",
					"@executable_path/Frameworks",
				);
				MARKETING_VERSION = 1.0;
				PRODUCT_BUNDLE_IDENTIFIER = "com.christinne.Relax-Sounds";
				PRODUCT_NAME = "$(TARGET_NAME)";
				SUPPORTED_PLATFORMS = "iphoneos iphonesimulator";
				SUPPORTS_MACCATALYST = NO;
				SUPPORTS_XR_DESIGNED_FOR_IPHONE_IPAD = NO;
				SWIFT_EMIT_LOC_STRINGS = YES;
				SWIFT_VERSION = 5.0;
				TARGETED_DEVICE_FAMILY = "1,2";
			};
			name = Release;
		};
/* End XCBuildConfiguration section */

/* Begin XCConfigurationList section */
		420A83042B53365600BFF3E6 /* Build configuration list for PBXProject "Relax Sounds" */ = {
			isa = XCConfigurationList;
			buildConfigurations = (
				420A83152B53365800BFF3E6 /* Debug */,
				420A83162B53365800BFF3E6 /* Release */,
			);
			defaultConfigurationIsVisible = 0;
			defaultConfigurationName = Release;
		};
		420A83172B53365800BFF3E6 /* Build configuration list for PBXNativeTarget "Relax Sounds" */ = {
			isa = XCConfigurationList;
			buildConfigurations = (
				420A83182B53365800BFF3E6 /* Debug */,
				420A83192B53365800BFF3E6 /* Release */,
			);
			defaultConfigurationIsVisible = 0;
			defaultConfigurationName = Release;
		};
/* End XCConfigurationList section */
	};
	rootObject = 420A83012B53365600BFF3E6 /* Project object */;
}
